# THIS IS AN AUTOGENERATED FILE. DO NOT EDIT THIS FILE DIRECTLY.
# yarn lockfile v1


"@aduh95/toml-prettifier@^1.0.2":
  version "1.0.2"
  resolved "https://registry.yarnpkg.com/@aduh95/toml-prettifier/-/toml-prettifier-1.0.2.tgz#50407d58585e4eca68376a68f1a4aaace57bb6bb"
  integrity sha512-2tUuwDy8nMAYj+JynYQ4b6HycbR+ukwVn7IwKuCmmi8SQF7TxsdPvHW1DrgRWlvJlr9XuwZ/pZHc7bCu0jRMZA==
  dependencies:
    "@aduh95/toml" "^0.3.2"

"@aduh95/toml@^0.3.2":
  version "0.3.2"
  resolved "https://registry.yarnpkg.com/@aduh95/toml/-/toml-0.3.2.tgz#a3f193a543cf48a7ca2b17ac47102e1036c4d2d0"
  integrity sha512-0oCYoKaNxhH2p3+bTpizbl57cfiltUCGgH6QsIWsdzDFxzKbLQRNsONUdDZopzTFam85cOJ2wb5AOw3VRXScbg==

"@rollup/plugin-node-resolve@^8.0.0":
  version "8.0.0"
  resolved "https://registry.yarnpkg.com/@rollup/plugin-node-resolve/-/plugin-node-resolve-8.0.0.tgz#47cc0775e31b6a531c88a40270377fe899a271cb"
  integrity sha512-5poJCChrkVggXXND/sQ7yNqwjUNT4fP31gpRWCnSNnlXuUXTCMHT33xZrTGxgjm5Rl18MHj7iEzlCT8rYWwQSA==
  dependencies:
    "@rollup/pluginutils" "^3.0.8"
    "@types/resolve" "0.0.8"
    builtin-modules "^3.1.0"
    deep-freeze "^0.0.1"
    deepmerge "^4.2.2"
    is-module "^1.0.0"
    resolve "^1.14.2"

"@rollup/pluginutils@^3.0.8":
  version "3.0.10"
  resolved "https://registry.yarnpkg.com/@rollup/pluginutils/-/pluginutils-3.0.10.tgz#a659b9025920378494cd8f8c59fbf9b3a50d5f12"
  integrity sha512-d44M7t+PjmMrASHbhgpSbVgtL6EFyX7J4mYxwQ/c5eoaE6N2VgCgEcWVzNnwycIloti+/MpwFr8qfw+nRw00sw==
  dependencies:
    "@types/estree" "0.0.39"
    estree-walker "^1.0.1"
    picomatch "^2.2.2"

"@types/estree@0.0.39":
  version "0.0.39"
  resolved "https://registry.yarnpkg.com/@types/estree/-/estree-0.0.39.tgz#e177e699ee1b8c22d23174caaa7422644389509f"
  integrity sha512-EYNwp3bU+98cpU4lAWYYL7Zz+2gryWH1qbdDTidVd6hkiR6weksdbMadyXKXNPEkQFhXM+hVO9ZygomHXp+AIw==

"@types/node@*":
  version "14.0.9"
  resolved "https://registry.yarnpkg.com/@types/node/-/node-14.0.9.tgz#43896ab87fc82bda1dfd600cdf44a0c8a64e11d2"
  integrity sha512-0sCTiXKXELOBxvZLN4krQ0FPOAA7ij+6WwvD0k/PHd9/KAkr4dXel5J9fh6F4x1FwAQILqAWkmpeuS6mjf1iKA==

"@types/resolve@0.0.8":
  version "0.0.8"
  resolved "https://registry.yarnpkg.com/@types/resolve/-/resolve-0.0.8.tgz#f26074d238e02659e323ce1a13d041eee280e194"
  integrity sha512-auApPaJf3NPfe18hSoJkp8EbZzer2ISk7o8mCC3M9he/a04+gbMF97NkpD2S8riMGvm4BMRI59/SZQSaLTKpsQ==
  dependencies:
    "@types/node" "*"

builtin-modules@^3.1.0:
  version "3.1.0"
  resolved "https://registry.yarnpkg.com/builtin-modules/-/builtin-modules-3.1.0.tgz#aad97c15131eb76b65b50ef208e7584cd76a7484"
  integrity sha512-k0KL0aWZuBt2lrxrcASWDfwOLMnodeQjodT/1SxEQAXsHANgo6ZC/VEaSEHCXt7aSTZ4/4H5LKa+tBXmW7Vtvw==

deep-freeze@^0.0.1:
  version "0.0.1"
  resolved "https://registry.yarnpkg.com/deep-freeze/-/deep-freeze-0.0.1.tgz#3a0b0005de18672819dfd38cd31f91179c893e84"
  integrity sha1-OgsABd4YZygZ39OM0x+RF5yJPoQ=

deepmerge@^4.2.2:
  version "4.2.2"
  resolved "https://registry.yarnpkg.com/deepmerge/-/deepmerge-4.2.2.tgz#44d2ea3679b8f4d4ffba33f03d865fc1e7bf4955"
  integrity sha512-FJ3UgI4gIl+PHZm53knsuSFpE+nESMr7M4v9QcgB7S63Kj/6WqMiFQJpBBYz1Pt+66bZpP3Q7Lye0Oo9MPKEdg==

estree-walker@^1.0.1:
  version "1.0.1"
  resolved "https://registry.yarnpkg.com/estree-walker/-/estree-walker-1.0.1.tgz#31bc5d612c96b704106b477e6dd5d8aa138cb700"
  integrity sha512-1fMXF3YP4pZZVozF8j/ZLfvnR8NSIljt56UhbZ5PeeDmmGHpgpdwQt7ITlGvYaQukCvuBRMLEiKiYC+oeIg4cg==

fsevents@~2.1.2:
  version "2.1.3"
  resolved "https://registry.yarnpkg.com/fsevents/-/fsevents-2.1.3.tgz#fb738703ae8d2f9fe900c33836ddebee8b97f23e"
  integrity sha512-Auw9a4AxqWpa9GUfj370BMPzzyncfBABW8Mab7BGWBYDj4Isgq+cDKtx0i6u9jcX9pQDnswsaaOTgTmA5pEjuQ==

highlight.js@^10.0.3:
  version "10.0.3"
  resolved "https://registry.yarnpkg.com/highlight.js/-/highlight.js-10.0.3.tgz#5effcc58420f113f279a0badb8ac50c4be06e63b"
  integrity sha512-9FG7SSzv9yOY5CGGxfI6NDm7xLYtMOjKtPBxw7Zff3t5UcRcUNTGEeS8lNjhceL34KeetLMoGMFTGoaa83HwyQ==

is-module@^1.0.0:
  version "1.0.0"
  resolved "https://registry.yarnpkg.com/is-module/-/is-module-1.0.0.tgz#3258fb69f78c14d5b815d664336b4cffb6441591"
  integrity sha1-Mlj7afeMFNW4FdZkM2tM/7ZEFZE=

path-parse@^1.0.6:
  version "1.0.6"
  resolved "https://registry.yarnpkg.com/path-parse/-/path-parse-1.0.6.tgz#d62dbb5679405d72c4737ec58600e9ddcf06d24c"
  integrity sha512-GSmOT2EbHrINBf9SR7CDELwlJ8AENk3Qn7OikK4nFYAu3Ote2+JYNVvkpAEQm3/TLNEJFD/xZJjzyxg3KBWOzw==

picomatch@^2.2.2:
  version "2.2.2"
  resolved "https://registry.yarnpkg.com/picomatch/-/picomatch-2.2.2.tgz#21f333e9b6b8eaff02468f5146ea406d345f4dad"
  integrity sha512-q0M/9eZHzmr0AulXyPwNfZjtwZ/RBZlbN3K3CErVrk50T2ASYI7Bye0EvekFY3IP1Nt2DHu0re+V2ZHIpMkuWg==

resolve@^1.14.2:
  version "1.17.0"
  resolved "https://registry.yarnpkg.com/resolve/-/resolve-1.17.0.tgz#b25941b54968231cc2d1bb76a79cb7f2c0bf8444"
  integrity sha512-ic+7JYiV8Vi2yzQGFWOkiZD5Z9z7O2Zhm9XMaTxdJExKasieFCr+yXZ/WmXsckHiKl12ar0y6XiXDx3m4RHn1w==
  dependencies:
    path-parse "^1.0.6"

rollup@^2.12.1:
  version "2.12.1"
  resolved "https://registry.yarnpkg.com/rollup/-/rollup-2.12.1.tgz#f4e248552d0055ecbd6d0e888b7e316e172d5f96"
  integrity sha512-qNl9jiVC4/jqTaGUTP0sUnKKCdnebAKYY/8hTy/NnNaeVfjHOW9aIwRT8XHV/zrcpRgJn1g/mjAorMcD38Dlhg==
  optionalDependencies:
    fsevents "~2.1.2"
